
Microsoft Visual Studio Solution File, Format Version 11.00
# Visual C# Express 2010
Project("{FAE04EC0-301F-11D3-BF4B-00C04F79EFBC}") = "CICGui.Graphics.Importer", "CICGui.Graphics.Importer\CICGui.Graphics.Importer.csproj", "{9A514FA1-0A93-4D16-974B-29DEB4D3FBEE}"
EndProject
Project("{FAE04EC0-301F-11D3-BF4B-00C04F79EFBC}") = "CICGui.Math", "CICGui.Math\CICGui.Math.csproj", "{4F25E0B7-E249-412B-AAA6-71EA4C40D410}"
EndProject
Global
	GlobalSection(SolutionConfigurationPlatforms) = preSolution
		Debug|Any CPU = Debug|Any CPU
		Debug|Mixed Platforms = Debug|Mixed Platforms
		Debug|x86 = Debug|x86
		Release|Any CPU = Release|Any CPU
		Release|Mixed Platforms = Release|Mixed Platforms
		Release|x86 = Release|x86
	EndGlobalSection
	GlobalSection(ProjectConfigurationPlatforms) = postSolution
		{9A514FA1-0A93-4D16-974B-29DEB4D3FBEE}.Debug|Any CPU.ActiveCfg = Debug|Any CPU
		{9A514FA1-0A93-4D16-974B-29DEB4D3FBEE}.Debug|Any CPU.Build.0 = Debug|Any CPU
		{9A514FA1-0A93-4D16-974B-29DEB4D3FBEE}.Debug|Mixed Platforms.ActiveCfg = Debug|Any CPU
		{9A514FA1-0A93-4D16-974B-29DEB4D3FBEE}.Debug|Mixed Platforms.Build.0 = Debug|Any CPU
		{9A514FA1-0A93-4D16-974B-29DEB4D3FBEE}.Debug|x86.ActiveCfg = Debug|Any CPU
		{9A514FA1-0A93-4D16-974B-29DEB4D3FBEE}.Release|Any CPU.ActiveCfg = Release|Any CPU
		{9A514FA1-0A93-4D16-974B-29DEB4D3FBEE}.Release|Any CPU.Build.0 = Release|Any CPU
		{9A514FA1-0A93-4D16-974B-29DEB4D3FBEE}.Release|Mixed Platforms.ActiveCfg = Release|Any CPU
		{9A514FA1-0A93-4D16-974B-29DEB4D3FBEE}.Release|Mixed Platforms.Build.0 = Release|Any CPU
		{9A514FA1-0A93-4D16-974B-29DEB4D3FBEE}.Release|x86.ActiveCfg = Release|Any CPU
		{4F25E0B7-E249-412B-AAA6-71EA4C40D410}.Debug|Any CPU.ActiveCfg = Debug|Any CPU
		{4F25E0B7-E249-412B-AAA6-71EA4C40D410}.Debug|Any CPU.Build.0 = Debug|Any CPU
		{4F25E0B7-E249-412B-AAA6-71EA4C40D410}.Debug|Mixed Platforms.ActiveCfg = Debug|Any CPU
		{4F25E0B7-E249-412B-AAA6-71EA4C40D410}.Debug|Mixed Platforms.Build.0 = Debug|Any CPU
		{4F25E0B7-E249-412B-AAA6-71EA4C40D410}.Debug|x86.ActiveCfg = Debug|Any CPU
		{4F25E0B7-E249-412B-AAA6-71EA4C40D410}.Release|Any CPU.ActiveCfg = Release|Any CPU
		{4F25E0B7-E249-412B-AAA6-71EA4C40D410}.Release|Any CPU.Build.0 = Release|Any CPU
		{4F25E0B7-E249-412B-AAA6-71EA4C40D410}.Release|Mixed Platforms.ActiveCfg = Release|Any CPU
		{4F25E0B7-E249-412B-AAA6-71EA4C40D410}.Release|Mixed Platforms.Build.0 = Release|Any CPU
		{4F25E0B7-E249-412B-AAA6-71EA4C40D410}.Release|x86.ActiveCfg = Release|Any CPU
	EndGlobalSection
	GlobalSection(SolutionProperties) = preSolution
		HideSolutionNode = FALSE
	EndGlobalSection
EndGlobal
