
Microsoft Visual Studio Solution File, Format Version 11.00
# Visual Studio 2010
Project("{FAE04EC0-301F-11D3-BF4B-00C04F79EFBC}") = "DuNodes", "DuNodes\DuNodes.csproj", "{9700E101-4B31-430F-8A9F-7B34A7329C3D}"
EndProject
Project("{471EC4BB-E47E-4229-A789-D1F5F83B52D4}") = "DuNodesBoot", "DuNodes\DuNodesBoot.Cosmos", "{13EAD2E0-AF0B-4749-8F6A-CA1478502B45}"
	ProjectSection(ProjectDependencies) = postProject
		{9700E101-4B31-430F-8A9F-7B34A7329C3D} = {9700E101-4B31-430F-8A9F-7B34A7329C3D}
	EndProjectSection
EndProject
Project("{FAE04EC0-301F-11D3-BF4B-00C04F79EFBC}") = "DuNodes_Core", "DuNodes_Core\DuNodes_Core.csproj", "{CB228BEA-C8C5-42BF-8664-8275D5C46BE4}"
EndProject
Project("{2150E333-8FDC-42A3-9474-1A3956D46DE8}") = "Cosmos", "Cosmos", "{643B2351-CE5D-418E-8E07-5CBCE327CCCA}"
EndProject
Project("{2150E333-8FDC-42A3-9474-1A3956D46DE8}") = "Compiler", "Compiler", "{8ACCEF8C-55BD-4C6D-8237-BD3A1E53D36A}"
EndProject
Project("{2150E333-8FDC-42A3-9474-1A3956D46DE8}") = "Assembler", "Assembler", "{716E0B66-EFF9-43E3-B9AB-A47B0A460416}"
EndProject
Project("{2150E333-8FDC-42A3-9474-1A3956D46DE8}") = "Kernel", "Kernel", "{92FF4A3D-DCFF-42D0-BE3B-D87DBF1042C7}"
EndProject
Project("{2150E333-8FDC-42A3-9474-1A3956D46DE8}") = "IL2CPU", "IL2CPU", "{CC711A31-B14F-43D8-99CD-FEE9754FE1EF}"
EndProject
Project("{2150E333-8FDC-42A3-9474-1A3956D46DE8}") = "Debug", "Debug", "{EBEFA88D-76C1-4518-B350-43A0809E9019}"
EndProject
Project("{2150E333-8FDC-42A3-9474-1A3956D46DE8}") = "Build", "Build", "{58E6AD33-B77F-40B9-B3DE-F7A5799C65A4}"
EndProject
Project("{2150E333-8FDC-42A3-9474-1A3956D46DE8}") = "Others", "Others", "{4278AC88-35CD-4B7B-9709-40210EF6B1CD}"
EndProject
Project("{FAE04EC0-301F-11D3-BF4B-00C04F79EFBC}") = "DuNodes_HAL", "DuNodes_HAL\DuNodes_HAL.csproj", "{CF713EED-4B98-405B-9A78-2249B3DEE6B4}"
EndProject
Project("{FAE04EC0-301F-11D3-BF4B-00C04F79EFBC}") = "Cosmos.Assembler", "Cosmos\source2\Cosmos.Assembler\Cosmos.Assembler.csproj", "{1116130E-28E0-428A-A597-F4B3B676C0CA}"
EndProject
Project("{FAE04EC0-301F-11D3-BF4B-00C04F79EFBC}") = "Cosmos.Assembler.x86", "Cosmos\source2\Cosmos.Assembler.x86\Cosmos.Assembler.x86.csproj", "{94D079E4-3C66-486A-8407-EA6EC049FF53}"
EndProject
Project("{FAE04EC0-301F-11D3-BF4B-00C04F79EFBC}") = "Cosmos.Assembler.XSharp", "Cosmos\source2\Cosmos.Assembler.XSharp\Cosmos.Assembler.XSharp.csproj", "{453F2952-FD48-477F-889B-B3C6963C9850}"
EndProject
Project("{FAE04EC0-301F-11D3-BF4B-00C04F79EFBC}") = "Cosmos.Build.Builder", "Cosmos\source2\Build\Cosmos.Build.Builder\Cosmos.Build.Builder.csproj", "{74A9329A-2B0B-4C0A-976C-E4FB7228D8B2}"
EndProject
Project("{FAE04EC0-301F-11D3-BF4B-00C04F79EFBC}") = "Cosmos.Build.Common", "Cosmos\source2\Build\Cosmos.Build.Common\Cosmos.Build.Common.csproj", "{0462E82B-8C29-41A9-8265-9C89038ADB29}"
EndProject
Project("{FAE04EC0-301F-11D3-BF4B-00C04F79EFBC}") = "Cosmos.Build.Installer", "Cosmos\source2\Build\Cosmos.Build.Installer\Cosmos.Build.Installer.csproj", "{27D94586-FE88-4203-BE6A-C99013FD5018}"
EndProject
Project("{FAE04EC0-301F-11D3-BF4B-00C04F79EFBC}") = "Cosmos.Build.MSBuild", "Cosmos\source2\Build\Cosmos.Build.MSBuild\Cosmos.Build.MSBuild.csproj", "{BC6AE974-1F18-4A19-A956-5062E4D3FD53}"
EndProject
Project("{FAE04EC0-301F-11D3-BF4B-00C04F79EFBC}") = "Cosmos.Debug.DebugStub", "Cosmos\source2\Compiler\Cosmos.Compiler.DebugStub\Cosmos.Debug.DebugStub.csproj", "{A7F3F078-CF99-4018-9A35-2D6DC9517ADB}"
EndProject
Project("{FAE04EC0-301F-11D3-BF4B-00C04F79EFBC}") = "Cosmos.Compiler.XSharp.XSC", "Cosmos\source2\Compiler\Cosmos.Compiler.XSharp.XSC\Cosmos.Compiler.XSharp.XSC.csproj", "{7B8499A7-0A8D-44FC-8181-9666CC198025}"
EndProject
Project("{FAE04EC0-301F-11D3-BF4B-00C04F79EFBC}") = "Cosmos.Compiler.XSharp", "Cosmos\source2\Compiler\Cosmos.XSharp\Cosmos.Compiler.XSharp.csproj", "{A281A1B1-C718-4BCB-A7BE-ED840A70449A}"
EndProject
Project("{FAE04EC0-301F-11D3-BF4B-00C04F79EFBC}") = "Cosmos.Debug.Common", "Cosmos\source2\Debug\Cosmos.Debug.Common\Cosmos.Debug.Common.csproj", "{AB24E403-54F3-4F67-B5E0-119A7227AAC1}"
EndProject
Project("{FAE04EC0-301F-11D3-BF4B-00C04F79EFBC}") = "Cosmos.Debug.GDB", "Cosmos\source2\Debug\Cosmos.Debug.GDB\Cosmos.Debug.GDB.csproj", "{3370FC04-B669-46A4-A4AA-A89540318F8D}"
EndProject
Project("{FAE04EC0-301F-11D3-BF4B-00C04F79EFBC}") = "Cosmos.VS.HostProcess", "Cosmos\source2\Debug\Cosmos.Debug.HostProcess\Cosmos.VS.HostProcess.csproj", "{4266FA56-F6FE-4E9B-BAE3-B6910183884C}"
EndProject
Project("{FAE04EC0-301F-11D3-BF4B-00C04F79EFBC}") = "Cosmos.Debug.VSDebugEngine", "Cosmos\source2\Debug\Cosmos.Debug.VSDebugEngine\Cosmos.Debug.VSDebugEngine.csproj", "{6D2688FE-6FD8-44A8-B96A-6037457F72A7}"
EndProject
Project("{FAE04EC0-301F-11D3-BF4B-00C04F79EFBC}") = "Cosmos.IL2CPU", "Cosmos\source2\IL2CPU\Cosmos.IL2CPU\Cosmos.IL2CPU.csproj", "{239E33A7-F0C3-4801-85CA-4D8F89A31DC0}"
EndProject
Project("{FAE04EC0-301F-11D3-BF4B-00C04F79EFBC}") = "Cosmos.Debug.Consts", "Cosmos\source2\IL2CPU\Cosmos.IL2CPU.Debug\Cosmos.Debug.Consts.csproj", "{9998B4EA-385E-4DA2-8905-2BBEB5B2C6E2}"
EndProject
Project("{FAE04EC0-301F-11D3-BF4B-00C04F79EFBC}") = "Cosmos.IL2CPU.Plugs", "Cosmos\source2\IL2CPU\Cosmos.IL2CPU.Plugs\Cosmos.IL2CPU.Plugs.csproj", "{C801F19C-A9D3-42D5-9A57-9FFDF9B4D05E}"
EndProject
Project("{FAE04EC0-301F-11D3-BF4B-00C04F79EFBC}") = "Cosmos.IL2CPU.Profiler", "Cosmos\source2\IL2CPU\Cosmos.IL2CPU.Profiler\Cosmos.IL2CPU.Profiler.csproj", "{F708C866-1C9B-4579-8C28-0728ECCFC1ED}"
EndProject
Project("{FAE04EC0-301F-11D3-BF4B-00C04F79EFBC}") = "Cosmos.IL2CPU.X86", "Cosmos\source2\IL2CPU\Cosmos.IL2CPU.X86\Cosmos.IL2CPU.X86.csproj", "{63F7BFB9-419E-4965-B580-304B9C9FA7D8}"
EndProject
Project("{FAE04EC0-301F-11D3-BF4B-00C04F79EFBC}") = "Cosmos.IL2CPU.X86.Tests", "Cosmos\source2\IL2CPU\Cosmos.IL2CPU.X86.Tests\Cosmos.IL2CPU.X86.Tests.csproj", "{52BF0A64-EBEF-420A-9F27-6C5226A4B77B}"
EndProject
Project("{FAE04EC0-301F-11D3-BF4B-00C04F79EFBC}") = "Cosmos.Common", "Cosmos\source2\Kernel\Common\Cosmos.Common\Cosmos.Common.csproj", "{04602B68-B877-4CA0-B17B-09C309732943}"
EndProject
Project("{FAE04EC0-301F-11D3-BF4B-00C04F79EFBC}") = "Cosmos.Common.Extensions", "Cosmos\source2\Kernel\Common\Cosmos.Common.Extensions\Cosmos.Common.Extensions.csproj", "{1FAC100C-D732-4EA4-B518-5AF4BAF64F2E}"
EndProject
Project("{FAE04EC0-301F-11D3-BF4B-00C04F79EFBC}") = "Cosmos.Debug.Kernel", "Cosmos\source2\Kernel\Debug\Cosmos.Debug.Kernel\Cosmos.Debug.Kernel.csproj", "{61607F1E-58F9-41CF-972F-128384F3E115}"
EndProject
Project("{FAE04EC0-301F-11D3-BF4B-00C04F79EFBC}") = "Cosmos.Debug.Kernel.Plugs", "Cosmos\source2\Kernel\Debug\Cosmos.Debug.Kernel.Plugs\Cosmos.Debug.Kernel.Plugs.csproj", "{B97A2956-C363-47F2-A6AA-B4FCCFF4D315}"
EndProject
Project("{FAE04EC0-301F-11D3-BF4B-00C04F79EFBC}") = "Cosmos.System", "Cosmos\source2\Kernel\System\Cosmos.System\Cosmos.System.csproj", "{DA50B9B2-0E95-4F0D-A3C8-79FC549301B5}"
EndProject
Project("{FAE04EC0-301F-11D3-BF4B-00C04F79EFBC}") = "Cosmos.System.Plugs.System", "Cosmos\source2\Kernel\System\Cosmos.System.Plugs.System\Cosmos.System.Plugs.System.csproj", "{7C64B97F-516D-4A6D-B9E1-3FE48F561409}"
EndProject
Project("{FAE04EC0-301F-11D3-BF4B-00C04F79EFBC}") = "Cosmos.Core", "Cosmos\source2\Kernel\System\Hardware\Core\Cosmos.Core\Cosmos.Core.csproj", "{5AC4773C-CB4E-4CD9-8D50-02E10A07DEE6}"
EndProject
Project("{FAE04EC0-301F-11D3-BF4B-00C04F79EFBC}") = "Cosmos.Core.Plugs", "Cosmos\source2\Kernel\System\Hardware\Core\Cosmos.Core.Plugs\Cosmos.Core.Plugs.csproj", "{D9A87AAD-FCC9-4517-B31D-E904DAD00784}"
EndProject
Project("{FAE04EC0-301F-11D3-BF4B-00C04F79EFBC}") = "Cosmos.Hardware", "Cosmos\source2\Kernel\System\Hardware\Cosmos.Hardware\Cosmos.Hardware.csproj", "{6A991D03-1435-4005-9809-B8BACDF3B021}"
EndProject
Project("{FAE04EC0-301F-11D3-BF4B-00C04F79EFBC}") = "VMWareLib", "Cosmos\source2\VMWareLib\VMWareLib.csproj", "{76CDB55D-55E3-4B53-AE33-12EC31430826}"
EndProject
Global
	GlobalSection(TeamFoundationVersionControl) = preSolution
		SccNumberOfProjects = 34
		SccEnterpriseProvider = {4CA58AB2-18FA-4F8D-95D4-32DDF27D184C}
		SccTeamFoundationServer = https://tfs.codeplex.com/tfs/tfs29
		SccLocalPath0 = .
		SccProjectUniqueName1 = DuNodes\\DuNodes.csproj
		SccProjectName1 = DuNodes
		SccLocalPath1 = DuNodes
		SccProjectUniqueName2 = DuNodes\\DuNodesBoot.Cosmos
		SccProjectName2 = DuNodes
		SccLocalPath2 = DuNodes
		SccProjectUniqueName3 = DuNodes_Core\\DuNodes_Core.csproj
		SccProjectName3 = DuNodes_Core
		SccLocalPath3 = DuNodes_Core
		SccProjectUniqueName4 = DuNodes_HAL\\DuNodes_HAL.csproj
		SccProjectName4 = DuNodes_HAL
		SccLocalPath4 = DuNodes_HAL
		SccProjectUniqueName5 = Cosmos\\source2\\Cosmos.Assembler\\Cosmos.Assembler.csproj
		SccProjectTopLevelParentUniqueName5 = DuNodes.sln
		SccProjectName5 = Cosmos/source2/Cosmos.Assembler
		SccLocalPath5 = Cosmos\\source2\\Cosmos.Assembler
		SccProjectUniqueName6 = Cosmos\\source2\\Cosmos.Assembler.x86\\Cosmos.Assembler.x86.csproj
		SccProjectTopLevelParentUniqueName6 = DuNodes.sln
		SccProjectName6 = Cosmos/source2/Cosmos.Assembler.x86
		SccLocalPath6 = Cosmos\\source2\\Cosmos.Assembler.x86
		SccProjectUniqueName7 = Cosmos\\source2\\Cosmos.Assembler.XSharp\\Cosmos.Assembler.XSharp.csproj
		SccProjectTopLevelParentUniqueName7 = DuNodes.sln
		SccProjectName7 = Cosmos/source2/Cosmos.Assembler.XSharp
		SccLocalPath7 = Cosmos\\source2\\Cosmos.Assembler.XSharp
		SccProjectUniqueName8 = Cosmos\\source2\\Build\\Cosmos.Build.Builder\\Cosmos.Build.Builder.csproj
		SccProjectTopLevelParentUniqueName8 = DuNodes.sln
		SccProjectName8 = Cosmos/source2/Build/Cosmos.Build.Builder
		SccLocalPath8 = Cosmos\\source2\\Build\\Cosmos.Build.Builder
		SccProjectUniqueName9 = Cosmos\\source2\\Build\\Cosmos.Build.Common\\Cosmos.Build.Common.csproj
		SccProjectTopLevelParentUniqueName9 = DuNodes.sln
		SccProjectName9 = Cosmos/source2/Build/Cosmos.Build.Common
		SccLocalPath9 = Cosmos\\source2\\Build\\Cosmos.Build.Common
		SccProjectUniqueName10 = Cosmos\\source2\\Build\\Cosmos.Build.Installer\\Cosmos.Build.Installer.csproj
		SccProjectTopLevelParentUniqueName10 = DuNodes.sln
		SccProjectName10 = Cosmos/source2/Build/Cosmos.Build.Installer
		SccLocalPath10 = Cosmos\\source2\\Build\\Cosmos.Build.Installer
		SccProjectUniqueName11 = Cosmos\\source2\\Build\\Cosmos.Build.MSBuild\\Cosmos.Build.MSBuild.csproj
		SccProjectTopLevelParentUniqueName11 = DuNodes.sln
		SccProjectName11 = Cosmos/source2/Build/Cosmos.Build.MSBuild
		SccLocalPath11 = Cosmos\\source2\\Build\\Cosmos.Build.MSBuild
		SccProjectUniqueName12 = Cosmos\\source2\\Compiler\\Cosmos.Compiler.DebugStub\\Cosmos.Debug.DebugStub.csproj
		SccProjectTopLevelParentUniqueName12 = DuNodes.sln
		SccProjectName12 = Cosmos/source2/Compiler/Cosmos.Compiler.DebugStub
		SccLocalPath12 = Cosmos\\source2\\Compiler\\Cosmos.Compiler.DebugStub
		SccProjectUniqueName13 = Cosmos\\source2\\Compiler\\Cosmos.Compiler.XSharp.XSC\\Cosmos.Compiler.XSharp.XSC.csproj
		SccProjectTopLevelParentUniqueName13 = DuNodes.sln
		SccProjectName13 = Cosmos/source2/Compiler/Cosmos.Compiler.XSharp.XSC
		SccLocalPath13 = Cosmos\\source2\\Compiler\\Cosmos.Compiler.XSharp.XSC
		SccProjectUniqueName14 = Cosmos\\source2\\Debug\\Cosmos.Debug.Common\\Cosmos.Debug.Common.csproj
		SccProjectTopLevelParentUniqueName14 = DuNodes.sln
		SccProjectName14 = Cosmos/source2/Debug/Cosmos.Debug.Common
		SccLocalPath14 = Cosmos\\source2\\Debug\\Cosmos.Debug.Common
		SccProjectUniqueName15 = Cosmos\\source2\\Debug\\Cosmos.Debug.GDB\\Cosmos.Debug.GDB.csproj
		SccProjectTopLevelParentUniqueName15 = DuNodes.sln
		SccProjectName15 = Cosmos/source2/Debug/Cosmos.Debug.GDB
		SccLocalPath15 = Cosmos\\source2\\Debug\\Cosmos.Debug.GDB
		SccProjectUniqueName16 = Cosmos\\source2\\Debug\\Cosmos.Debug.HostProcess\\Cosmos.VS.HostProcess.csproj
		SccProjectTopLevelParentUniqueName16 = DuNodes.sln
		SccProjectName16 = Cosmos/source2/Debug/Cosmos.Debug.HostProcess
		SccLocalPath16 = Cosmos\\source2\\Debug\\Cosmos.Debug.HostProcess
		SccProjectUniqueName17 = Cosmos\\source2\\Debug\\Cosmos.Debug.VSDebugEngine\\Cosmos.Debug.VSDebugEngine.csproj
		SccProjectTopLevelParentUniqueName17 = DuNodes.sln
		SccProjectName17 = Cosmos/source2/Debug/Cosmos.Debug.VSDebugEngine
		SccLocalPath17 = Cosmos\\source2\\Debug\\Cosmos.Debug.VSDebugEngine
		SccProjectUniqueName18 = Cosmos\\source2\\IL2CPU\\Cosmos.IL2CPU\\Cosmos.IL2CPU.csproj
		SccProjectTopLevelParentUniqueName18 = DuNodes.sln
		SccProjectName18 = Cosmos/source2/IL2CPU/Cosmos.IL2CPU
		SccLocalPath18 = Cosmos\\source2\\IL2CPU\\Cosmos.IL2CPU
		SccProjectUniqueName19 = Cosmos\\source2\\IL2CPU\\Cosmos.IL2CPU.Debug\\Cosmos.Debug.Consts.csproj
		SccProjectTopLevelParentUniqueName19 = DuNodes.sln
		SccProjectName19 = Cosmos/source2/IL2CPU/Cosmos.IL2CPU.Debug
		SccLocalPath19 = Cosmos\\source2\\IL2CPU\\Cosmos.IL2CPU.Debug
		SccProjectUniqueName20 = Cosmos\\source2\\IL2CPU\\Cosmos.IL2CPU.Plugs\\Cosmos.IL2CPU.Plugs.csproj
		SccProjectTopLevelParentUniqueName20 = DuNodes.sln
		SccProjectName20 = Cosmos/source2/IL2CPU/Cosmos.IL2CPU.Plugs
		SccLocalPath20 = Cosmos\\source2\\IL2CPU\\Cosmos.IL2CPU.Plugs
		SccProjectUniqueName21 = Cosmos\\source2\\IL2CPU\\Cosmos.IL2CPU.Profiler\\Cosmos.IL2CPU.Profiler.csproj
		SccProjectTopLevelParentUniqueName21 = DuNodes.sln
		SccProjectName21 = Cosmos/source2/IL2CPU/Cosmos.IL2CPU.Profiler
		SccLocalPath21 = Cosmos\\source2\\IL2CPU\\Cosmos.IL2CPU.Profiler
		SccProjectUniqueName22 = Cosmos\\source2\\IL2CPU\\Cosmos.IL2CPU.X86\\Cosmos.IL2CPU.X86.csproj
		SccProjectTopLevelParentUniqueName22 = DuNodes.sln
		SccProjectName22 = Cosmos/source2/IL2CPU/Cosmos.IL2CPU.X86
		SccLocalPath22 = Cosmos\\source2\\IL2CPU\\Cosmos.IL2CPU.X86
		SccProjectUniqueName23 = Cosmos\\source2\\IL2CPU\\Cosmos.IL2CPU.X86.Tests\\Cosmos.IL2CPU.X86.Tests.csproj
		SccProjectTopLevelParentUniqueName23 = DuNodes.sln
		SccProjectName23 = Cosmos/source2/IL2CPU/Cosmos.IL2CPU.X86.Tests
		SccLocalPath23 = Cosmos\\source2\\IL2CPU\\Cosmos.IL2CPU.X86.Tests
		SccProjectUniqueName24 = Cosmos\\source2\\Kernel\\Common\\Cosmos.Common\\Cosmos.Common.csproj
		SccProjectTopLevelParentUniqueName24 = DuNodes.sln
		SccProjectName24 = Cosmos/source2/Kernel/Common/Cosmos.Common
		SccLocalPath24 = Cosmos\\source2\\Kernel\\Common\\Cosmos.Common
		SccProjectUniqueName25 = Cosmos\\source2\\Kernel\\Common\\Cosmos.Common.Extensions\\Cosmos.Common.Extensions.csproj
		SccProjectTopLevelParentUniqueName25 = DuNodes.sln
		SccProjectName25 = Cosmos/source2/Kernel/Common/Cosmos.Common.Extensions
		SccLocalPath25 = Cosmos\\source2\\Kernel\\Common\\Cosmos.Common.Extensions
		SccProjectUniqueName26 = Cosmos\\source2\\Kernel\\Debug\\Cosmos.Debug.Kernel\\Cosmos.Debug.Kernel.csproj
		SccProjectTopLevelParentUniqueName26 = DuNodes.sln
		SccProjectName26 = Cosmos/source2/Kernel/Debug/Cosmos.Debug.Kernel
		SccLocalPath26 = Cosmos\\source2\\Kernel\\Debug\\Cosmos.Debug.Kernel
		SccProjectUniqueName27 = Cosmos\\source2\\Kernel\\Debug\\Cosmos.Debug.Kernel.Plugs\\Cosmos.Debug.Kernel.Plugs.csproj
		SccProjectTopLevelParentUniqueName27 = DuNodes.sln
		SccProjectName27 = Cosmos/source2/Kernel/Debug/Cosmos.Debug.Kernel.Plugs
		SccLocalPath27 = Cosmos\\source2\\Kernel\\Debug\\Cosmos.Debug.Kernel.Plugs
		SccProjectUniqueName28 = Cosmos\\source2\\Kernel\\System\\Cosmos.System\\Cosmos.System.csproj
		SccProjectTopLevelParentUniqueName28 = DuNodes.sln
		SccProjectName28 = Cosmos/source2/Kernel/System/Cosmos.System
		SccLocalPath28 = Cosmos\\source2\\Kernel\\System\\Cosmos.System
		SccProjectUniqueName29 = Cosmos\\source2\\Kernel\\System\\Cosmos.System.Plugs.System\\Cosmos.System.Plugs.System.csproj
		SccProjectTopLevelParentUniqueName29 = DuNodes.sln
		SccProjectName29 = Cosmos/source2/Kernel/System/Cosmos.System.Plugs.System
		SccLocalPath29 = Cosmos\\source2\\Kernel\\System\\Cosmos.System.Plugs.System
		SccProjectUniqueName30 = Cosmos\\source2\\Kernel\\System\\Hardware\\Core\\Cosmos.Core\\Cosmos.Core.csproj
		SccProjectTopLevelParentUniqueName30 = DuNodes.sln
		SccProjectName30 = Cosmos/source2/Kernel/System/Hardware/Core/Cosmos.Core
		SccLocalPath30 = Cosmos\\source2\\Kernel\\System\\Hardware\\Core\\Cosmos.Core
		SccProjectUniqueName31 = Cosmos\\source2\\Kernel\\System\\Hardware\\Core\\Cosmos.Core.Plugs\\Cosmos.Core.Plugs.csproj
		SccProjectTopLevelParentUniqueName31 = DuNodes.sln
		SccProjectName31 = Cosmos/source2/Kernel/System/Hardware/Core/Cosmos.Core.Plugs
		SccLocalPath31 = Cosmos\\source2\\Kernel\\System\\Hardware\\Core\\Cosmos.Core.Plugs
		SccProjectUniqueName32 = Cosmos\\source2\\Kernel\\System\\Hardware\\Cosmos.Hardware\\Cosmos.Hardware.csproj
		SccProjectTopLevelParentUniqueName32 = DuNodes.sln
		SccProjectName32 = Cosmos/source2/Kernel/System/Hardware/Cosmos.Hardware
		SccLocalPath32 = Cosmos\\source2\\Kernel\\System\\Hardware\\Cosmos.Hardware
		SccProjectUniqueName33 = Cosmos\\source2\\VMWareLib\\VMWareLib.csproj
		SccProjectTopLevelParentUniqueName33 = DuNodes.sln
		SccProjectName33 = Cosmos/source2/VMWareLib
		SccLocalPath33 = Cosmos\\source2\\VMWareLib
	EndGlobalSection
	GlobalSection(SolutionConfigurationPlatforms) = preSolution
		Debug|Any CPU = Debug|Any CPU
		Debug|Itanium = Debug|Itanium
		Debug|Mixed Platforms = Debug|Mixed Platforms
		Debug|x86 = Debug|x86
		Release|Any CPU = Release|Any CPU
		Release|Itanium = Release|Itanium
		Release|Mixed Platforms = Release|Mixed Platforms
		Release|x86 = Release|x86
	EndGlobalSection
	GlobalSection(ProjectConfigurationPlatforms) = postSolution
		{9700E101-4B31-430F-8A9F-7B34A7329C3D}.Debug|Any CPU.ActiveCfg = Debug|Any CPU
		{9700E101-4B31-430F-8A9F-7B34A7329C3D}.Debug|Any CPU.Build.0 = Debug|Any CPU
		{9700E101-4B31-430F-8A9F-7B34A7329C3D}.Debug|Itanium.ActiveCfg = Debug|Any CPU
		{9700E101-4B31-430F-8A9F-7B34A7329C3D}.Debug|Mixed Platforms.ActiveCfg = Debug|Any CPU
		{9700E101-4B31-430F-8A9F-7B34A7329C3D}.Debug|Mixed Platforms.Build.0 = Debug|Any CPU
		{9700E101-4B31-430F-8A9F-7B34A7329C3D}.Debug|x86.ActiveCfg = Debug|Any CPU
		{9700E101-4B31-430F-8A9F-7B34A7329C3D}.Debug|x86.Build.0 = Debug|Any CPU
		{9700E101-4B31-430F-8A9F-7B34A7329C3D}.Release|Any CPU.ActiveCfg = Release|Any CPU
		{9700E101-4B31-430F-8A9F-7B34A7329C3D}.Release|Any CPU.Build.0 = Release|Any CPU
		{9700E101-4B31-430F-8A9F-7B34A7329C3D}.Release|Itanium.ActiveCfg = Release|Any CPU
		{9700E101-4B31-430F-8A9F-7B34A7329C3D}.Release|Mixed Platforms.ActiveCfg = Release|Any CPU
		{9700E101-4B31-430F-8A9F-7B34A7329C3D}.Release|Mixed Platforms.Build.0 = Release|Any CPU
		{9700E101-4B31-430F-8A9F-7B34A7329C3D}.Release|x86.ActiveCfg = Release|Any CPU
		{9700E101-4B31-430F-8A9F-7B34A7329C3D}.Release|x86.Build.0 = Release|Any CPU
		{13EAD2E0-AF0B-4749-8F6A-CA1478502B45}.Debug|Any CPU.ActiveCfg = Debug|x86
		{13EAD2E0-AF0B-4749-8F6A-CA1478502B45}.Debug|Any CPU.Build.0 = Debug|x86
		{13EAD2E0-AF0B-4749-8F6A-CA1478502B45}.Debug|Itanium.ActiveCfg = Debug|x86
		{13EAD2E0-AF0B-4749-8F6A-CA1478502B45}.Debug|Mixed Platforms.ActiveCfg = Debug|x86
		{13EAD2E0-AF0B-4749-8F6A-CA1478502B45}.Debug|Mixed Platforms.Build.0 = Debug|x86
		{13EAD2E0-AF0B-4749-8F6A-CA1478502B45}.Debug|x86.ActiveCfg = Debug|x86
		{13EAD2E0-AF0B-4749-8F6A-CA1478502B45}.Debug|x86.Build.0 = Debug|x86
		{13EAD2E0-AF0B-4749-8F6A-CA1478502B45}.Release|Any CPU.ActiveCfg = Release|x86
		{13EAD2E0-AF0B-4749-8F6A-CA1478502B45}.Release|Any CPU.Build.0 = Release|x86
		{13EAD2E0-AF0B-4749-8F6A-CA1478502B45}.Release|Itanium.ActiveCfg = Release|x86
		{13EAD2E0-AF0B-4749-8F6A-CA1478502B45}.Release|Mixed Platforms.ActiveCfg = Release|x86
		{13EAD2E0-AF0B-4749-8F6A-CA1478502B45}.Release|Mixed Platforms.Build.0 = Release|x86
		{13EAD2E0-AF0B-4749-8F6A-CA1478502B45}.Release|x86.ActiveCfg = Release|x86
		{13EAD2E0-AF0B-4749-8F6A-CA1478502B45}.Release|x86.Build.0 = Release|x86
		{CB228BEA-C8C5-42BF-8664-8275D5C46BE4}.Debug|Any CPU.ActiveCfg = Debug|Any CPU
		{CB228BEA-C8C5-42BF-8664-8275D5C46BE4}.Debug|Any CPU.Build.0 = Debug|Any CPU
		{CB228BEA-C8C5-42BF-8664-8275D5C46BE4}.Debug|Itanium.ActiveCfg = Debug|Any CPU
		{CB228BEA-C8C5-42BF-8664-8275D5C46BE4}.Debug|Mixed Platforms.ActiveCfg = Debug|Any CPU
		{CB228BEA-C8C5-42BF-8664-8275D5C46BE4}.Debug|Mixed Platforms.Build.0 = Debug|Any CPU
		{CB228BEA-C8C5-42BF-8664-8275D5C46BE4}.Debug|x86.ActiveCfg = Debug|Any CPU
		{CB228BEA-C8C5-42BF-8664-8275D5C46BE4}.Release|Any CPU.ActiveCfg = Release|Any CPU
		{CB228BEA-C8C5-42BF-8664-8275D5C46BE4}.Release|Any CPU.Build.0 = Release|Any CPU
		{CB228BEA-C8C5-42BF-8664-8275D5C46BE4}.Release|Itanium.ActiveCfg = Release|Any CPU
		{CB228BEA-C8C5-42BF-8664-8275D5C46BE4}.Release|Mixed Platforms.ActiveCfg = Release|Any CPU
		{CB228BEA-C8C5-42BF-8664-8275D5C46BE4}.Release|Mixed Platforms.Build.0 = Release|Any CPU
		{CB228BEA-C8C5-42BF-8664-8275D5C46BE4}.Release|x86.ActiveCfg = Release|Any CPU
		{CF713EED-4B98-405B-9A78-2249B3DEE6B4}.Debug|Any CPU.ActiveCfg = Debug|Any CPU
		{CF713EED-4B98-405B-9A78-2249B3DEE6B4}.Debug|Any CPU.Build.0 = Debug|Any CPU
		{CF713EED-4B98-405B-9A78-2249B3DEE6B4}.Debug|Itanium.ActiveCfg = Debug|Any CPU
		{CF713EED-4B98-405B-9A78-2249B3DEE6B4}.Debug|Mixed Platforms.ActiveCfg = Debug|Any CPU
		{CF713EED-4B98-405B-9A78-2249B3DEE6B4}.Debug|Mixed Platforms.Build.0 = Debug|Any CPU
		{CF713EED-4B98-405B-9A78-2249B3DEE6B4}.Debug|x86.ActiveCfg = Debug|Any CPU
		{CF713EED-4B98-405B-9A78-2249B3DEE6B4}.Release|Any CPU.ActiveCfg = Release|Any CPU
		{CF713EED-4B98-405B-9A78-2249B3DEE6B4}.Release|Any CPU.Build.0 = Release|Any CPU
		{CF713EED-4B98-405B-9A78-2249B3DEE6B4}.Release|Itanium.ActiveCfg = Release|Any CPU
		{CF713EED-4B98-405B-9A78-2249B3DEE6B4}.Release|Mixed Platforms.ActiveCfg = Release|Any CPU
		{CF713EED-4B98-405B-9A78-2249B3DEE6B4}.Release|Mixed Platforms.Build.0 = Release|Any CPU
		{CF713EED-4B98-405B-9A78-2249B3DEE6B4}.Release|x86.ActiveCfg = Release|Any CPU
		{1116130E-28E0-428A-A597-F4B3B676C0CA}.Debug|Any CPU.ActiveCfg = Debug|Any CPU
		{1116130E-28E0-428A-A597-F4B3B676C0CA}.Debug|Any CPU.Build.0 = Debug|Any CPU
		{1116130E-28E0-428A-A597-F4B3B676C0CA}.Debug|Itanium.ActiveCfg = Debug|x86
		{1116130E-28E0-428A-A597-F4B3B676C0CA}.Debug|Mixed Platforms.ActiveCfg = Debug|x86
		{1116130E-28E0-428A-A597-F4B3B676C0CA}.Debug|Mixed Platforms.Build.0 = Debug|x86
		{1116130E-28E0-428A-A597-F4B3B676C0CA}.Debug|x86.ActiveCfg = Debug|x86
		{1116130E-28E0-428A-A597-F4B3B676C0CA}.Debug|x86.Build.0 = Debug|x86
		{1116130E-28E0-428A-A597-F4B3B676C0CA}.Release|Any CPU.ActiveCfg = Release|Any CPU
		{1116130E-28E0-428A-A597-F4B3B676C0CA}.Release|Any CPU.Build.0 = Release|Any CPU
		{1116130E-28E0-428A-A597-F4B3B676C0CA}.Release|Itanium.ActiveCfg = Release|x86
		{1116130E-28E0-428A-A597-F4B3B676C0CA}.Release|Mixed Platforms.ActiveCfg = Release|x86
		{1116130E-28E0-428A-A597-F4B3B676C0CA}.Release|Mixed Platforms.Build.0 = Release|x86
		{1116130E-28E0-428A-A597-F4B3B676C0CA}.Release|x86.ActiveCfg = Release|x86
		{1116130E-28E0-428A-A597-F4B3B676C0CA}.Release|x86.Build.0 = Release|x86
		{94D079E4-3C66-486A-8407-EA6EC049FF53}.Debug|Any CPU.ActiveCfg = Debug|Any CPU
		{94D079E4-3C66-486A-8407-EA6EC049FF53}.Debug|Any CPU.Build.0 = Debug|Any CPU
		{94D079E4-3C66-486A-8407-EA6EC049FF53}.Debug|Itanium.ActiveCfg = Debug|x86
		{94D079E4-3C66-486A-8407-EA6EC049FF53}.Debug|Mixed Platforms.ActiveCfg = Debug|x86
		{94D079E4-3C66-486A-8407-EA6EC049FF53}.Debug|Mixed Platforms.Build.0 = Debug|x86
		{94D079E4-3C66-486A-8407-EA6EC049FF53}.Debug|x86.ActiveCfg = Debug|x86
		{94D079E4-3C66-486A-8407-EA6EC049FF53}.Debug|x86.Build.0 = Debug|x86
		{94D079E4-3C66-486A-8407-EA6EC049FF53}.Release|Any CPU.ActiveCfg = Release|Any CPU
		{94D079E4-3C66-486A-8407-EA6EC049FF53}.Release|Any CPU.Build.0 = Release|Any CPU
		{94D079E4-3C66-486A-8407-EA6EC049FF53}.Release|Itanium.ActiveCfg = Release|x86
		{94D079E4-3C66-486A-8407-EA6EC049FF53}.Release|Mixed Platforms.ActiveCfg = Release|x86
		{94D079E4-3C66-486A-8407-EA6EC049FF53}.Release|Mixed Platforms.Build.0 = Release|x86
		{94D079E4-3C66-486A-8407-EA6EC049FF53}.Release|x86.ActiveCfg = Release|x86
		{94D079E4-3C66-486A-8407-EA6EC049FF53}.Release|x86.Build.0 = Release|x86
		{453F2952-FD48-477F-889B-B3C6963C9850}.Debug|Any CPU.ActiveCfg = Debug|Any CPU
		{453F2952-FD48-477F-889B-B3C6963C9850}.Debug|Any CPU.Build.0 = Debug|Any CPU
		{453F2952-FD48-477F-889B-B3C6963C9850}.Debug|Itanium.ActiveCfg = Debug|x86
		{453F2952-FD48-477F-889B-B3C6963C9850}.Debug|Mixed Platforms.ActiveCfg = Debug|x86
		{453F2952-FD48-477F-889B-B3C6963C9850}.Debug|Mixed Platforms.Build.0 = Debug|x86
		{453F2952-FD48-477F-889B-B3C6963C9850}.Debug|x86.ActiveCfg = Debug|x86
		{453F2952-FD48-477F-889B-B3C6963C9850}.Debug|x86.Build.0 = Debug|x86
		{453F2952-FD48-477F-889B-B3C6963C9850}.Release|Any CPU.ActiveCfg = Release|Any CPU
		{453F2952-FD48-477F-889B-B3C6963C9850}.Release|Any CPU.Build.0 = Release|Any CPU
		{453F2952-FD48-477F-889B-B3C6963C9850}.Release|Itanium.ActiveCfg = Release|x86
		{453F2952-FD48-477F-889B-B3C6963C9850}.Release|Mixed Platforms.ActiveCfg = Release|x86
		{453F2952-FD48-477F-889B-B3C6963C9850}.Release|Mixed Platforms.Build.0 = Release|x86
		{453F2952-FD48-477F-889B-B3C6963C9850}.Release|x86.ActiveCfg = Release|x86
		{453F2952-FD48-477F-889B-B3C6963C9850}.Release|x86.Build.0 = Release|x86
		{74A9329A-2B0B-4C0A-976C-E4FB7228D8B2}.Debug|Any CPU.ActiveCfg = Debug|Any CPU
		{74A9329A-2B0B-4C0A-976C-E4FB7228D8B2}.Debug|Any CPU.Build.0 = Debug|Any CPU
		{74A9329A-2B0B-4C0A-976C-E4FB7228D8B2}.Debug|Itanium.ActiveCfg = Debug|Any CPU
		{74A9329A-2B0B-4C0A-976C-E4FB7228D8B2}.Debug|Mixed Platforms.ActiveCfg = Debug|Any CPU
		{74A9329A-2B0B-4C0A-976C-E4FB7228D8B2}.Debug|Mixed Platforms.Build.0 = Debug|Any CPU
		{74A9329A-2B0B-4C0A-976C-E4FB7228D8B2}.Debug|x86.ActiveCfg = Debug|Any CPU
		{74A9329A-2B0B-4C0A-976C-E4FB7228D8B2}.Release|Any CPU.ActiveCfg = Release|Any CPU
		{74A9329A-2B0B-4C0A-976C-E4FB7228D8B2}.Release|Any CPU.Build.0 = Release|Any CPU
		{74A9329A-2B0B-4C0A-976C-E4FB7228D8B2}.Release|Itanium.ActiveCfg = Release|Any CPU
		{74A9329A-2B0B-4C0A-976C-E4FB7228D8B2}.Release|Mixed Platforms.ActiveCfg = Release|Any CPU
		{74A9329A-2B0B-4C0A-976C-E4FB7228D8B2}.Release|Mixed Platforms.Build.0 = Release|Any CPU
		{74A9329A-2B0B-4C0A-976C-E4FB7228D8B2}.Release|x86.ActiveCfg = Release|Any CPU
		{0462E82B-8C29-41A9-8265-9C89038ADB29}.Debug|Any CPU.ActiveCfg = Debug|Any CPU
		{0462E82B-8C29-41A9-8265-9C89038ADB29}.Debug|Any CPU.Build.0 = Debug|Any CPU
		{0462E82B-8C29-41A9-8265-9C89038ADB29}.Debug|Itanium.ActiveCfg = Debug|x86
		{0462E82B-8C29-41A9-8265-9C89038ADB29}.Debug|Mixed Platforms.ActiveCfg = Debug|x86
		{0462E82B-8C29-41A9-8265-9C89038ADB29}.Debug|Mixed Platforms.Build.0 = Debug|x86
		{0462E82B-8C29-41A9-8265-9C89038ADB29}.Debug|x86.ActiveCfg = Debug|x86
		{0462E82B-8C29-41A9-8265-9C89038ADB29}.Debug|x86.Build.0 = Debug|x86
		{0462E82B-8C29-41A9-8265-9C89038ADB29}.Release|Any CPU.ActiveCfg = Release|Any CPU
		{0462E82B-8C29-41A9-8265-9C89038ADB29}.Release|Any CPU.Build.0 = Release|Any CPU
		{0462E82B-8C29-41A9-8265-9C89038ADB29}.Release|Itanium.ActiveCfg = Release|x86
		{0462E82B-8C29-41A9-8265-9C89038ADB29}.Release|Mixed Platforms.ActiveCfg = Release|x86
		{0462E82B-8C29-41A9-8265-9C89038ADB29}.Release|Mixed Platforms.Build.0 = Release|x86
		{0462E82B-8C29-41A9-8265-9C89038ADB29}.Release|x86.ActiveCfg = Release|x86
		{0462E82B-8C29-41A9-8265-9C89038ADB29}.Release|x86.Build.0 = Release|x86
		{27D94586-FE88-4203-BE6A-C99013FD5018}.Debug|Any CPU.ActiveCfg = Debug|Any CPU
		{27D94586-FE88-4203-BE6A-C99013FD5018}.Debug|Any CPU.Build.0 = Debug|Any CPU
		{27D94586-FE88-4203-BE6A-C99013FD5018}.Debug|Itanium.ActiveCfg = Debug|Any CPU
		{27D94586-FE88-4203-BE6A-C99013FD5018}.Debug|Mixed Platforms.ActiveCfg = Debug|Any CPU
		{27D94586-FE88-4203-BE6A-C99013FD5018}.Debug|Mixed Platforms.Build.0 = Debug|Any CPU
		{27D94586-FE88-4203-BE6A-C99013FD5018}.Debug|x86.ActiveCfg = Debug|Any CPU
		{27D94586-FE88-4203-BE6A-C99013FD5018}.Release|Any CPU.ActiveCfg = Release|Any CPU
		{27D94586-FE88-4203-BE6A-C99013FD5018}.Release|Any CPU.Build.0 = Release|Any CPU
		{27D94586-FE88-4203-BE6A-C99013FD5018}.Release|Itanium.ActiveCfg = Release|Any CPU
		{27D94586-FE88-4203-BE6A-C99013FD5018}.Release|Mixed Platforms.ActiveCfg = Release|Any CPU
		{27D94586-FE88-4203-BE6A-C99013FD5018}.Release|Mixed Platforms.Build.0 = Release|Any CPU
		{27D94586-FE88-4203-BE6A-C99013FD5018}.Release|x86.ActiveCfg = Release|Any CPU
		{BC6AE974-1F18-4A19-A956-5062E4D3FD53}.Debug|Any CPU.ActiveCfg = Debug|Any CPU
		{BC6AE974-1F18-4A19-A956-5062E4D3FD53}.Debug|Any CPU.Build.0 = Debug|Any CPU
		{BC6AE974-1F18-4A19-A956-5062E4D3FD53}.Debug|Itanium.ActiveCfg = Debug|x86
		{BC6AE974-1F18-4A19-A956-5062E4D3FD53}.Debug|Mixed Platforms.ActiveCfg = Debug|x86
		{BC6AE974-1F18-4A19-A956-5062E4D3FD53}.Debug|Mixed Platforms.Build.0 = Debug|x86
		{BC6AE974-1F18-4A19-A956-5062E4D3FD53}.Debug|x86.ActiveCfg = Debug|x86
		{BC6AE974-1F18-4A19-A956-5062E4D3FD53}.Debug|x86.Build.0 = Debug|x86
		{BC6AE974-1F18-4A19-A956-5062E4D3FD53}.Release|Any CPU.ActiveCfg = Release|Any CPU
		{BC6AE974-1F18-4A19-A956-5062E4D3FD53}.Release|Any CPU.Build.0 = Release|Any CPU
		{BC6AE974-1F18-4A19-A956-5062E4D3FD53}.Release|Itanium.ActiveCfg = Release|x86
		{BC6AE974-1F18-4A19-A956-5062E4D3FD53}.Release|Mixed Platforms.ActiveCfg = Release|x86
		{BC6AE974-1F18-4A19-A956-5062E4D3FD53}.Release|Mixed Platforms.Build.0 = Release|x86
		{BC6AE974-1F18-4A19-A956-5062E4D3FD53}.Release|x86.ActiveCfg = Release|x86
		{BC6AE974-1F18-4A19-A956-5062E4D3FD53}.Release|x86.Build.0 = Release|x86
		{A7F3F078-CF99-4018-9A35-2D6DC9517ADB}.Debug|Any CPU.ActiveCfg = Debug|Any CPU
		{A7F3F078-CF99-4018-9A35-2D6DC9517ADB}.Debug|Any CPU.Build.0 = Debug|Any CPU
		{A7F3F078-CF99-4018-9A35-2D6DC9517ADB}.Debug|Itanium.ActiveCfg = Debug|x86
		{A7F3F078-CF99-4018-9A35-2D6DC9517ADB}.Debug|Mixed Platforms.ActiveCfg = Debug|x86
		{A7F3F078-CF99-4018-9A35-2D6DC9517ADB}.Debug|Mixed Platforms.Build.0 = Debug|x86
		{A7F3F078-CF99-4018-9A35-2D6DC9517ADB}.Debug|x86.ActiveCfg = Debug|x86
		{A7F3F078-CF99-4018-9A35-2D6DC9517ADB}.Debug|x86.Build.0 = Debug|x86
		{A7F3F078-CF99-4018-9A35-2D6DC9517ADB}.Release|Any CPU.ActiveCfg = Release|Any CPU
		{A7F3F078-CF99-4018-9A35-2D6DC9517ADB}.Release|Any CPU.Build.0 = Release|Any CPU
		{A7F3F078-CF99-4018-9A35-2D6DC9517ADB}.Release|Itanium.ActiveCfg = Release|x86
		{A7F3F078-CF99-4018-9A35-2D6DC9517ADB}.Release|Mixed Platforms.ActiveCfg = Release|x86
		{A7F3F078-CF99-4018-9A35-2D6DC9517ADB}.Release|Mixed Platforms.Build.0 = Release|x86
		{A7F3F078-CF99-4018-9A35-2D6DC9517ADB}.Release|x86.ActiveCfg = Release|x86
		{A7F3F078-CF99-4018-9A35-2D6DC9517ADB}.Release|x86.Build.0 = Release|x86
		{7B8499A7-0A8D-44FC-8181-9666CC198025}.Debug|Any CPU.ActiveCfg = Debug|Any CPU
		{7B8499A7-0A8D-44FC-8181-9666CC198025}.Debug|Any CPU.Build.0 = Debug|Any CPU
		{7B8499A7-0A8D-44FC-8181-9666CC198025}.Debug|Itanium.ActiveCfg = Debug|Any CPU
		{7B8499A7-0A8D-44FC-8181-9666CC198025}.Debug|Mixed Platforms.ActiveCfg = Debug|Any CPU
		{7B8499A7-0A8D-44FC-8181-9666CC198025}.Debug|Mixed Platforms.Build.0 = Debug|Any CPU
		{7B8499A7-0A8D-44FC-8181-9666CC198025}.Debug|x86.ActiveCfg = Debug|Any CPU
		{7B8499A7-0A8D-44FC-8181-9666CC198025}.Release|Any CPU.ActiveCfg = Release|Any CPU
		{7B8499A7-0A8D-44FC-8181-9666CC198025}.Release|Any CPU.Build.0 = Release|Any CPU
		{7B8499A7-0A8D-44FC-8181-9666CC198025}.Release|Itanium.ActiveCfg = Release|Any CPU
		{7B8499A7-0A8D-44FC-8181-9666CC198025}.Release|Mixed Platforms.ActiveCfg = Release|Any CPU
		{7B8499A7-0A8D-44FC-8181-9666CC198025}.Release|Mixed Platforms.Build.0 = Release|Any CPU
		{7B8499A7-0A8D-44FC-8181-9666CC198025}.Release|x86.ActiveCfg = Release|Any CPU
		{A281A1B1-C718-4BCB-A7BE-ED840A70449A}.Debug|Any CPU.ActiveCfg = Debug|Any CPU
		{A281A1B1-C718-4BCB-A7BE-ED840A70449A}.Debug|Any CPU.Build.0 = Debug|Any CPU
		{A281A1B1-C718-4BCB-A7BE-ED840A70449A}.Debug|Itanium.ActiveCfg = Debug|Any CPU
		{A281A1B1-C718-4BCB-A7BE-ED840A70449A}.Debug|Mixed Platforms.ActiveCfg = Debug|Any CPU
		{A281A1B1-C718-4BCB-A7BE-ED840A70449A}.Debug|Mixed Platforms.Build.0 = Debug|Any CPU
		{A281A1B1-C718-4BCB-A7BE-ED840A70449A}.Debug|x86.ActiveCfg = Debug|Any CPU
		{A281A1B1-C718-4BCB-A7BE-ED840A70449A}.Release|Any CPU.ActiveCfg = Release|Any CPU
		{A281A1B1-C718-4BCB-A7BE-ED840A70449A}.Release|Any CPU.Build.0 = Release|Any CPU
		{A281A1B1-C718-4BCB-A7BE-ED840A70449A}.Release|Itanium.ActiveCfg = Release|Any CPU
		{A281A1B1-C718-4BCB-A7BE-ED840A70449A}.Release|Mixed Platforms.ActiveCfg = Release|Any CPU
		{A281A1B1-C718-4BCB-A7BE-ED840A70449A}.Release|Mixed Platforms.Build.0 = Release|Any CPU
		{A281A1B1-C718-4BCB-A7BE-ED840A70449A}.Release|x86.ActiveCfg = Release|Any CPU
		{AB24E403-54F3-4F67-B5E0-119A7227AAC1}.Debug|Any CPU.ActiveCfg = Debug|Any CPU
		{AB24E403-54F3-4F67-B5E0-119A7227AAC1}.Debug|Any CPU.Build.0 = Debug|Any CPU
		{AB24E403-54F3-4F67-B5E0-119A7227AAC1}.Debug|Itanium.ActiveCfg = Debug|x86
		{AB24E403-54F3-4F67-B5E0-119A7227AAC1}.Debug|Mixed Platforms.ActiveCfg = Debug|x86
		{AB24E403-54F3-4F67-B5E0-119A7227AAC1}.Debug|Mixed Platforms.Build.0 = Debug|x86
		{AB24E403-54F3-4F67-B5E0-119A7227AAC1}.Debug|x86.ActiveCfg = Debug|x86
		{AB24E403-54F3-4F67-B5E0-119A7227AAC1}.Debug|x86.Build.0 = Debug|x86
		{AB24E403-54F3-4F67-B5E0-119A7227AAC1}.Release|Any CPU.ActiveCfg = Release|Any CPU
		{AB24E403-54F3-4F67-B5E0-119A7227AAC1}.Release|Any CPU.Build.0 = Release|Any CPU
		{AB24E403-54F3-4F67-B5E0-119A7227AAC1}.Release|Itanium.ActiveCfg = Release|x86
		{AB24E403-54F3-4F67-B5E0-119A7227AAC1}.Release|Mixed Platforms.ActiveCfg = Release|x86
		{AB24E403-54F3-4F67-B5E0-119A7227AAC1}.Release|Mixed Platforms.Build.0 = Release|x86
		{AB24E403-54F3-4F67-B5E0-119A7227AAC1}.Release|x86.ActiveCfg = Release|x86
		{AB24E403-54F3-4F67-B5E0-119A7227AAC1}.Release|x86.Build.0 = Release|x86
		{3370FC04-B669-46A4-A4AA-A89540318F8D}.Debug|Any CPU.ActiveCfg = Debug|Any CPU
		{3370FC04-B669-46A4-A4AA-A89540318F8D}.Debug|Any CPU.Build.0 = Debug|Any CPU
		{3370FC04-B669-46A4-A4AA-A89540318F8D}.Debug|Itanium.ActiveCfg = Debug|x86
		{3370FC04-B669-46A4-A4AA-A89540318F8D}.Debug|Mixed Platforms.ActiveCfg = Debug|x86
		{3370FC04-B669-46A4-A4AA-A89540318F8D}.Debug|Mixed Platforms.Build.0 = Debug|x86
		{3370FC04-B669-46A4-A4AA-A89540318F8D}.Debug|x86.ActiveCfg = Debug|x86
		{3370FC04-B669-46A4-A4AA-A89540318F8D}.Debug|x86.Build.0 = Debug|x86
		{3370FC04-B669-46A4-A4AA-A89540318F8D}.Release|Any CPU.ActiveCfg = Release|Any CPU
		{3370FC04-B669-46A4-A4AA-A89540318F8D}.Release|Any CPU.Build.0 = Release|Any CPU
		{3370FC04-B669-46A4-A4AA-A89540318F8D}.Release|Itanium.ActiveCfg = Release|x86
		{3370FC04-B669-46A4-A4AA-A89540318F8D}.Release|Mixed Platforms.ActiveCfg = Release|x86
		{3370FC04-B669-46A4-A4AA-A89540318F8D}.Release|Mixed Platforms.Build.0 = Release|x86
		{3370FC04-B669-46A4-A4AA-A89540318F8D}.Release|x86.ActiveCfg = Release|x86
		{3370FC04-B669-46A4-A4AA-A89540318F8D}.Release|x86.Build.0 = Release|x86
		{4266FA56-F6FE-4E9B-BAE3-B6910183884C}.Debug|Any CPU.ActiveCfg = Debug|Any CPU
		{4266FA56-F6FE-4E9B-BAE3-B6910183884C}.Debug|Any CPU.Build.0 = Debug|Any CPU
		{4266FA56-F6FE-4E9B-BAE3-B6910183884C}.Debug|Itanium.ActiveCfg = Debug|x86
		{4266FA56-F6FE-4E9B-BAE3-B6910183884C}.Debug|Mixed Platforms.ActiveCfg = Debug|x86
		{4266FA56-F6FE-4E9B-BAE3-B6910183884C}.Debug|Mixed Platforms.Build.0 = Debug|x86
		{4266FA56-F6FE-4E9B-BAE3-B6910183884C}.Debug|x86.ActiveCfg = Debug|x86
		{4266FA56-F6FE-4E9B-BAE3-B6910183884C}.Debug|x86.Build.0 = Debug|x86
		{4266FA56-F6FE-4E9B-BAE3-B6910183884C}.Release|Any CPU.ActiveCfg = Release|Any CPU
		{4266FA56-F6FE-4E9B-BAE3-B6910183884C}.Release|Any CPU.Build.0 = Release|Any CPU
		{4266FA56-F6FE-4E9B-BAE3-B6910183884C}.Release|Itanium.ActiveCfg = Release|x86
		{4266FA56-F6FE-4E9B-BAE3-B6910183884C}.Release|Mixed Platforms.ActiveCfg = Release|x86
		{4266FA56-F6FE-4E9B-BAE3-B6910183884C}.Release|Mixed Platforms.Build.0 = Release|x86
		{4266FA56-F6FE-4E9B-BAE3-B6910183884C}.Release|x86.ActiveCfg = Release|x86
		{4266FA56-F6FE-4E9B-BAE3-B6910183884C}.Release|x86.Build.0 = Release|x86
		{6D2688FE-6FD8-44A8-B96A-6037457F72A7}.Debug|Any CPU.ActiveCfg = Debug|Any CPU
		{6D2688FE-6FD8-44A8-B96A-6037457F72A7}.Debug|Any CPU.Build.0 = Debug|Any CPU
		{6D2688FE-6FD8-44A8-B96A-6037457F72A7}.Debug|Itanium.ActiveCfg = Debug|x86
		{6D2688FE-6FD8-44A8-B96A-6037457F72A7}.Debug|Mixed Platforms.ActiveCfg = Debug|x86
		{6D2688FE-6FD8-44A8-B96A-6037457F72A7}.Debug|Mixed Platforms.Build.0 = Debug|x86
		{6D2688FE-6FD8-44A8-B96A-6037457F72A7}.Debug|x86.ActiveCfg = Debug|x86
		{6D2688FE-6FD8-44A8-B96A-6037457F72A7}.Debug|x86.Build.0 = Debug|x86
		{6D2688FE-6FD8-44A8-B96A-6037457F72A7}.Release|Any CPU.ActiveCfg = Release|Any CPU
		{6D2688FE-6FD8-44A8-B96A-6037457F72A7}.Release|Any CPU.Build.0 = Release|Any CPU
		{6D2688FE-6FD8-44A8-B96A-6037457F72A7}.Release|Itanium.ActiveCfg = Release|x86
		{6D2688FE-6FD8-44A8-B96A-6037457F72A7}.Release|Mixed Platforms.ActiveCfg = Release|x86
		{6D2688FE-6FD8-44A8-B96A-6037457F72A7}.Release|Mixed Platforms.Build.0 = Release|x86
		{6D2688FE-6FD8-44A8-B96A-6037457F72A7}.Release|x86.ActiveCfg = Release|x86
		{6D2688FE-6FD8-44A8-B96A-6037457F72A7}.Release|x86.Build.0 = Release|x86
		{239E33A7-F0C3-4801-85CA-4D8F89A31DC0}.Debug|Any CPU.ActiveCfg = Debug|Any CPU
		{239E33A7-F0C3-4801-85CA-4D8F89A31DC0}.Debug|Any CPU.Build.0 = Debug|Any CPU
		{239E33A7-F0C3-4801-85CA-4D8F89A31DC0}.Debug|Itanium.ActiveCfg = Debug|x86
		{239E33A7-F0C3-4801-85CA-4D8F89A31DC0}.Debug|Mixed Platforms.ActiveCfg = Debug|x86
		{239E33A7-F0C3-4801-85CA-4D8F89A31DC0}.Debug|Mixed Platforms.Build.0 = Debug|x86
		{239E33A7-F0C3-4801-85CA-4D8F89A31DC0}.Debug|x86.ActiveCfg = Debug|x86
		{239E33A7-F0C3-4801-85CA-4D8F89A31DC0}.Debug|x86.Build.0 = Debug|x86
		{239E33A7-F0C3-4801-85CA-4D8F89A31DC0}.Release|Any CPU.ActiveCfg = Release|Any CPU
		{239E33A7-F0C3-4801-85CA-4D8F89A31DC0}.Release|Any CPU.Build.0 = Release|Any CPU
		{239E33A7-F0C3-4801-85CA-4D8F89A31DC0}.Release|Itanium.ActiveCfg = Release|x86
		{239E33A7-F0C3-4801-85CA-4D8F89A31DC0}.Release|Mixed Platforms.ActiveCfg = Release|x86
		{239E33A7-F0C3-4801-85CA-4D8F89A31DC0}.Release|Mixed Platforms.Build.0 = Release|x86
		{239E33A7-F0C3-4801-85CA-4D8F89A31DC0}.Release|x86.ActiveCfg = Release|x86
		{239E33A7-F0C3-4801-85CA-4D8F89A31DC0}.Release|x86.Build.0 = Release|x86
		{9998B4EA-385E-4DA2-8905-2BBEB5B2C6E2}.Debug|Any CPU.ActiveCfg = Debug|Any CPU
		{9998B4EA-385E-4DA2-8905-2BBEB5B2C6E2}.Debug|Any CPU.Build.0 = Debug|Any CPU
		{9998B4EA-385E-4DA2-8905-2BBEB5B2C6E2}.Debug|Itanium.ActiveCfg = Debug|x86
		{9998B4EA-385E-4DA2-8905-2BBEB5B2C6E2}.Debug|Mixed Platforms.ActiveCfg = Debug|x86
		{9998B4EA-385E-4DA2-8905-2BBEB5B2C6E2}.Debug|Mixed Platforms.Build.0 = Debug|x86
		{9998B4EA-385E-4DA2-8905-2BBEB5B2C6E2}.Debug|x86.ActiveCfg = Debug|x86
		{9998B4EA-385E-4DA2-8905-2BBEB5B2C6E2}.Debug|x86.Build.0 = Debug|x86
		{9998B4EA-385E-4DA2-8905-2BBEB5B2C6E2}.Release|Any CPU.ActiveCfg = Release|Any CPU
		{9998B4EA-385E-4DA2-8905-2BBEB5B2C6E2}.Release|Any CPU.Build.0 = Release|Any CPU
		{9998B4EA-385E-4DA2-8905-2BBEB5B2C6E2}.Release|Itanium.ActiveCfg = Release|x86
		{9998B4EA-385E-4DA2-8905-2BBEB5B2C6E2}.Release|Mixed Platforms.ActiveCfg = Release|x86
		{9998B4EA-385E-4DA2-8905-2BBEB5B2C6E2}.Release|Mixed Platforms.Build.0 = Release|x86
		{9998B4EA-385E-4DA2-8905-2BBEB5B2C6E2}.Release|x86.ActiveCfg = Release|x86
		{9998B4EA-385E-4DA2-8905-2BBEB5B2C6E2}.Release|x86.Build.0 = Release|x86
		{C801F19C-A9D3-42D5-9A57-9FFDF9B4D05E}.Debug|Any CPU.ActiveCfg = Debug|Any CPU
		{C801F19C-A9D3-42D5-9A57-9FFDF9B4D05E}.Debug|Any CPU.Build.0 = Debug|Any CPU
		{C801F19C-A9D3-42D5-9A57-9FFDF9B4D05E}.Debug|Itanium.ActiveCfg = Debug|x86
		{C801F19C-A9D3-42D5-9A57-9FFDF9B4D05E}.Debug|Mixed Platforms.ActiveCfg = Debug|x86
		{C801F19C-A9D3-42D5-9A57-9FFDF9B4D05E}.Debug|Mixed Platforms.Build.0 = Debug|x86
		{C801F19C-A9D3-42D5-9A57-9FFDF9B4D05E}.Debug|x86.ActiveCfg = Debug|x86
		{C801F19C-A9D3-42D5-9A57-9FFDF9B4D05E}.Debug|x86.Build.0 = Debug|x86
		{C801F19C-A9D3-42D5-9A57-9FFDF9B4D05E}.Release|Any CPU.ActiveCfg = Release|Any CPU
		{C801F19C-A9D3-42D5-9A57-9FFDF9B4D05E}.Release|Any CPU.Build.0 = Release|Any CPU
		{C801F19C-A9D3-42D5-9A57-9FFDF9B4D05E}.Release|Itanium.ActiveCfg = Release|x86
		{C801F19C-A9D3-42D5-9A57-9FFDF9B4D05E}.Release|Mixed Platforms.ActiveCfg = Release|x86
		{C801F19C-A9D3-42D5-9A57-9FFDF9B4D05E}.Release|Mixed Platforms.Build.0 = Release|x86
		{C801F19C-A9D3-42D5-9A57-9FFDF9B4D05E}.Release|x86.ActiveCfg = Release|x86
		{C801F19C-A9D3-42D5-9A57-9FFDF9B4D05E}.Release|x86.Build.0 = Release|x86
		{F708C866-1C9B-4579-8C28-0728ECCFC1ED}.Debug|Any CPU.ActiveCfg = Debug|Any CPU
		{F708C866-1C9B-4579-8C28-0728ECCFC1ED}.Debug|Any CPU.Build.0 = Debug|Any CPU
		{F708C866-1C9B-4579-8C28-0728ECCFC1ED}.Debug|Itanium.ActiveCfg = Debug|x86
		{F708C866-1C9B-4579-8C28-0728ECCFC1ED}.Debug|Mixed Platforms.ActiveCfg = Debug|x86
		{F708C866-1C9B-4579-8C28-0728ECCFC1ED}.Debug|Mixed Platforms.Build.0 = Debug|x86
		{F708C866-1C9B-4579-8C28-0728ECCFC1ED}.Debug|x86.ActiveCfg = Debug|x86
		{F708C866-1C9B-4579-8C28-0728ECCFC1ED}.Debug|x86.Build.0 = Debug|x86
		{F708C866-1C9B-4579-8C28-0728ECCFC1ED}.Release|Any CPU.ActiveCfg = Release|Any CPU
		{F708C866-1C9B-4579-8C28-0728ECCFC1ED}.Release|Any CPU.Build.0 = Release|Any CPU
		{F708C866-1C9B-4579-8C28-0728ECCFC1ED}.Release|Itanium.ActiveCfg = Release|x86
		{F708C866-1C9B-4579-8C28-0728ECCFC1ED}.Release|Mixed Platforms.ActiveCfg = Release|x86
		{F708C866-1C9B-4579-8C28-0728ECCFC1ED}.Release|Mixed Platforms.Build.0 = Release|x86
		{F708C866-1C9B-4579-8C28-0728ECCFC1ED}.Release|x86.ActiveCfg = Release|x86
		{F708C866-1C9B-4579-8C28-0728ECCFC1ED}.Release|x86.Build.0 = Release|x86
		{63F7BFB9-419E-4965-B580-304B9C9FA7D8}.Debug|Any CPU.ActiveCfg = Debug|Any CPU
		{63F7BFB9-419E-4965-B580-304B9C9FA7D8}.Debug|Any CPU.Build.0 = Debug|Any CPU
		{63F7BFB9-419E-4965-B580-304B9C9FA7D8}.Debug|Itanium.ActiveCfg = Debug|x86
		{63F7BFB9-419E-4965-B580-304B9C9FA7D8}.Debug|Mixed Platforms.ActiveCfg = Debug|x86
		{63F7BFB9-419E-4965-B580-304B9C9FA7D8}.Debug|Mixed Platforms.Build.0 = Debug|x86
		{63F7BFB9-419E-4965-B580-304B9C9FA7D8}.Debug|x86.ActiveCfg = Debug|x86
		{63F7BFB9-419E-4965-B580-304B9C9FA7D8}.Debug|x86.Build.0 = Debug|x86
		{63F7BFB9-419E-4965-B580-304B9C9FA7D8}.Release|Any CPU.ActiveCfg = Release|Any CPU
		{63F7BFB9-419E-4965-B580-304B9C9FA7D8}.Release|Any CPU.Build.0 = Release|Any CPU
		{63F7BFB9-419E-4965-B580-304B9C9FA7D8}.Release|Itanium.ActiveCfg = Release|x86
		{63F7BFB9-419E-4965-B580-304B9C9FA7D8}.Release|Mixed Platforms.ActiveCfg = Release|x86
		{63F7BFB9-419E-4965-B580-304B9C9FA7D8}.Release|Mixed Platforms.Build.0 = Release|x86
		{63F7BFB9-419E-4965-B580-304B9C9FA7D8}.Release|x86.ActiveCfg = Release|x86
		{63F7BFB9-419E-4965-B580-304B9C9FA7D8}.Release|x86.Build.0 = Release|x86
		{52BF0A64-EBEF-420A-9F27-6C5226A4B77B}.Debug|Any CPU.ActiveCfg = Debug|Any CPU
		{52BF0A64-EBEF-420A-9F27-6C5226A4B77B}.Debug|Any CPU.Build.0 = Debug|Any CPU
		{52BF0A64-EBEF-420A-9F27-6C5226A4B77B}.Debug|Itanium.ActiveCfg = Debug|x86
		{52BF0A64-EBEF-420A-9F27-6C5226A4B77B}.Debug|Mixed Platforms.ActiveCfg = Debug|x86
		{52BF0A64-EBEF-420A-9F27-6C5226A4B77B}.Debug|Mixed Platforms.Build.0 = Debug|x86
		{52BF0A64-EBEF-420A-9F27-6C5226A4B77B}.Debug|x86.ActiveCfg = Debug|x86
		{52BF0A64-EBEF-420A-9F27-6C5226A4B77B}.Debug|x86.Build.0 = Debug|x86
		{52BF0A64-EBEF-420A-9F27-6C5226A4B77B}.Release|Any CPU.ActiveCfg = Release|Any CPU
		{52BF0A64-EBEF-420A-9F27-6C5226A4B77B}.Release|Any CPU.Build.0 = Release|Any CPU
		{52BF0A64-EBEF-420A-9F27-6C5226A4B77B}.Release|Itanium.ActiveCfg = Release|x86
		{52BF0A64-EBEF-420A-9F27-6C5226A4B77B}.Release|Mixed Platforms.ActiveCfg = Release|x86
		{52BF0A64-EBEF-420A-9F27-6C5226A4B77B}.Release|Mixed Platforms.Build.0 = Release|x86
		{52BF0A64-EBEF-420A-9F27-6C5226A4B77B}.Release|x86.ActiveCfg = Release|x86
		{52BF0A64-EBEF-420A-9F27-6C5226A4B77B}.Release|x86.Build.0 = Release|x86
		{04602B68-B877-4CA0-B17B-09C309732943}.Debug|Any CPU.ActiveCfg = Debug|Any CPU
		{04602B68-B877-4CA0-B17B-09C309732943}.Debug|Any CPU.Build.0 = Debug|Any CPU
		{04602B68-B877-4CA0-B17B-09C309732943}.Debug|Itanium.ActiveCfg = Debug|Any CPU
		{04602B68-B877-4CA0-B17B-09C309732943}.Debug|Mixed Platforms.ActiveCfg = Debug|Any CPU
		{04602B68-B877-4CA0-B17B-09C309732943}.Debug|Mixed Platforms.Build.0 = Debug|Any CPU
		{04602B68-B877-4CA0-B17B-09C309732943}.Debug|x86.ActiveCfg = Debug|Any CPU
		{04602B68-B877-4CA0-B17B-09C309732943}.Release|Any CPU.ActiveCfg = Release|Any CPU
		{04602B68-B877-4CA0-B17B-09C309732943}.Release|Any CPU.Build.0 = Release|Any CPU
		{04602B68-B877-4CA0-B17B-09C309732943}.Release|Itanium.ActiveCfg = Release|Any CPU
		{04602B68-B877-4CA0-B17B-09C309732943}.Release|Mixed Platforms.ActiveCfg = Release|Any CPU
		{04602B68-B877-4CA0-B17B-09C309732943}.Release|Mixed Platforms.Build.0 = Release|Any CPU
		{04602B68-B877-4CA0-B17B-09C309732943}.Release|x86.ActiveCfg = Release|Any CPU
		{1FAC100C-D732-4EA4-B518-5AF4BAF64F2E}.Debug|Any CPU.ActiveCfg = Debug|Any CPU
		{1FAC100C-D732-4EA4-B518-5AF4BAF64F2E}.Debug|Any CPU.Build.0 = Debug|Any CPU
		{1FAC100C-D732-4EA4-B518-5AF4BAF64F2E}.Debug|Itanium.ActiveCfg = Debug|x86
		{1FAC100C-D732-4EA4-B518-5AF4BAF64F2E}.Debug|Mixed Platforms.ActiveCfg = Debug|x86
		{1FAC100C-D732-4EA4-B518-5AF4BAF64F2E}.Debug|Mixed Platforms.Build.0 = Debug|x86
		{1FAC100C-D732-4EA4-B518-5AF4BAF64F2E}.Debug|x86.ActiveCfg = Debug|x86
		{1FAC100C-D732-4EA4-B518-5AF4BAF64F2E}.Debug|x86.Build.0 = Debug|x86
		{1FAC100C-D732-4EA4-B518-5AF4BAF64F2E}.Release|Any CPU.ActiveCfg = Release|Any CPU
		{1FAC100C-D732-4EA4-B518-5AF4BAF64F2E}.Release|Any CPU.Build.0 = Release|Any CPU
		{1FAC100C-D732-4EA4-B518-5AF4BAF64F2E}.Release|Itanium.ActiveCfg = Release|x86
		{1FAC100C-D732-4EA4-B518-5AF4BAF64F2E}.Release|Mixed Platforms.ActiveCfg = Release|x86
		{1FAC100C-D732-4EA4-B518-5AF4BAF64F2E}.Release|Mixed Platforms.Build.0 = Release|x86
		{1FAC100C-D732-4EA4-B518-5AF4BAF64F2E}.Release|x86.ActiveCfg = Release|x86
		{1FAC100C-D732-4EA4-B518-5AF4BAF64F2E}.Release|x86.Build.0 = Release|x86
		{61607F1E-58F9-41CF-972F-128384F3E115}.Debug|Any CPU.ActiveCfg = Debug|Any CPU
		{61607F1E-58F9-41CF-972F-128384F3E115}.Debug|Any CPU.Build.0 = Debug|Any CPU
		{61607F1E-58F9-41CF-972F-128384F3E115}.Debug|Itanium.ActiveCfg = Debug|x86
		{61607F1E-58F9-41CF-972F-128384F3E115}.Debug|Mixed Platforms.ActiveCfg = Debug|x86
		{61607F1E-58F9-41CF-972F-128384F3E115}.Debug|Mixed Platforms.Build.0 = Debug|x86
		{61607F1E-58F9-41CF-972F-128384F3E115}.Debug|x86.ActiveCfg = Debug|x86
		{61607F1E-58F9-41CF-972F-128384F3E115}.Debug|x86.Build.0 = Debug|x86
		{61607F1E-58F9-41CF-972F-128384F3E115}.Release|Any CPU.ActiveCfg = Release|Any CPU
		{61607F1E-58F9-41CF-972F-128384F3E115}.Release|Any CPU.Build.0 = Release|Any CPU
		{61607F1E-58F9-41CF-972F-128384F3E115}.Release|Itanium.ActiveCfg = Release|x86
		{61607F1E-58F9-41CF-972F-128384F3E115}.Release|Mixed Platforms.ActiveCfg = Release|x86
		{61607F1E-58F9-41CF-972F-128384F3E115}.Release|Mixed Platforms.Build.0 = Release|x86
		{61607F1E-58F9-41CF-972F-128384F3E115}.Release|x86.ActiveCfg = Release|x86
		{61607F1E-58F9-41CF-972F-128384F3E115}.Release|x86.Build.0 = Release|x86
		{B97A2956-C363-47F2-A6AA-B4FCCFF4D315}.Debug|Any CPU.ActiveCfg = Debug|Any CPU
		{B97A2956-C363-47F2-A6AA-B4FCCFF4D315}.Debug|Any CPU.Build.0 = Debug|Any CPU
		{B97A2956-C363-47F2-A6AA-B4FCCFF4D315}.Debug|Itanium.ActiveCfg = Debug|x86
		{B97A2956-C363-47F2-A6AA-B4FCCFF4D315}.Debug|Mixed Platforms.ActiveCfg = Debug|x86
		{B97A2956-C363-47F2-A6AA-B4FCCFF4D315}.Debug|Mixed Platforms.Build.0 = Debug|x86
		{B97A2956-C363-47F2-A6AA-B4FCCFF4D315}.Debug|x86.ActiveCfg = Debug|x86
		{B97A2956-C363-47F2-A6AA-B4FCCFF4D315}.Debug|x86.Build.0 = Debug|x86
		{B97A2956-C363-47F2-A6AA-B4FCCFF4D315}.Release|Any CPU.ActiveCfg = Release|Any CPU
		{B97A2956-C363-47F2-A6AA-B4FCCFF4D315}.Release|Any CPU.Build.0 = Release|Any CPU
		{B97A2956-C363-47F2-A6AA-B4FCCFF4D315}.Release|Itanium.ActiveCfg = Release|x86
		{B97A2956-C363-47F2-A6AA-B4FCCFF4D315}.Release|Mixed Platforms.ActiveCfg = Release|x86
		{B97A2956-C363-47F2-A6AA-B4FCCFF4D315}.Release|Mixed Platforms.Build.0 = Release|x86
		{B97A2956-C363-47F2-A6AA-B4FCCFF4D315}.Release|x86.ActiveCfg = Release|x86
		{B97A2956-C363-47F2-A6AA-B4FCCFF4D315}.Release|x86.Build.0 = Release|x86
		{DA50B9B2-0E95-4F0D-A3C8-79FC549301B5}.Debug|Any CPU.ActiveCfg = Debug|Any CPU
		{DA50B9B2-0E95-4F0D-A3C8-79FC549301B5}.Debug|Any CPU.Build.0 = Debug|Any CPU
		{DA50B9B2-0E95-4F0D-A3C8-79FC549301B5}.Debug|Itanium.ActiveCfg = Debug|x86
		{DA50B9B2-0E95-4F0D-A3C8-79FC549301B5}.Debug|Mixed Platforms.ActiveCfg = Debug|x86
		{DA50B9B2-0E95-4F0D-A3C8-79FC549301B5}.Debug|Mixed Platforms.Build.0 = Debug|x86
		{DA50B9B2-0E95-4F0D-A3C8-79FC549301B5}.Debug|x86.ActiveCfg = Debug|x86
		{DA50B9B2-0E95-4F0D-A3C8-79FC549301B5}.Debug|x86.Build.0 = Debug|x86
		{DA50B9B2-0E95-4F0D-A3C8-79FC549301B5}.Release|Any CPU.ActiveCfg = Release|Any CPU
		{DA50B9B2-0E95-4F0D-A3C8-79FC549301B5}.Release|Any CPU.Build.0 = Release|Any CPU
		{DA50B9B2-0E95-4F0D-A3C8-79FC549301B5}.Release|Itanium.ActiveCfg = Release|x86
		{DA50B9B2-0E95-4F0D-A3C8-79FC549301B5}.Release|Mixed Platforms.ActiveCfg = Release|x86
		{DA50B9B2-0E95-4F0D-A3C8-79FC549301B5}.Release|Mixed Platforms.Build.0 = Release|x86
		{DA50B9B2-0E95-4F0D-A3C8-79FC549301B5}.Release|x86.ActiveCfg = Release|x86
		{DA50B9B2-0E95-4F0D-A3C8-79FC549301B5}.Release|x86.Build.0 = Release|x86
		{7C64B97F-516D-4A6D-B9E1-3FE48F561409}.Debug|Any CPU.ActiveCfg = Debug|Any CPU
		{7C64B97F-516D-4A6D-B9E1-3FE48F561409}.Debug|Any CPU.Build.0 = Debug|Any CPU
		{7C64B97F-516D-4A6D-B9E1-3FE48F561409}.Debug|Itanium.ActiveCfg = Debug|x86
		{7C64B97F-516D-4A6D-B9E1-3FE48F561409}.Debug|Mixed Platforms.ActiveCfg = Debug|x86
		{7C64B97F-516D-4A6D-B9E1-3FE48F561409}.Debug|Mixed Platforms.Build.0 = Debug|x86
		{7C64B97F-516D-4A6D-B9E1-3FE48F561409}.Debug|x86.ActiveCfg = Debug|x86
		{7C64B97F-516D-4A6D-B9E1-3FE48F561409}.Debug|x86.Build.0 = Debug|x86
		{7C64B97F-516D-4A6D-B9E1-3FE48F561409}.Release|Any CPU.ActiveCfg = Release|Any CPU
		{7C64B97F-516D-4A6D-B9E1-3FE48F561409}.Release|Any CPU.Build.0 = Release|Any CPU
		{7C64B97F-516D-4A6D-B9E1-3FE48F561409}.Release|Itanium.ActiveCfg = Release|x86
		{7C64B97F-516D-4A6D-B9E1-3FE48F561409}.Release|Mixed Platforms.ActiveCfg = Release|x86
		{7C64B97F-516D-4A6D-B9E1-3FE48F561409}.Release|Mixed Platforms.Build.0 = Release|x86
		{7C64B97F-516D-4A6D-B9E1-3FE48F561409}.Release|x86.ActiveCfg = Release|x86
		{7C64B97F-516D-4A6D-B9E1-3FE48F561409}.Release|x86.Build.0 = Release|x86
		{5AC4773C-CB4E-4CD9-8D50-02E10A07DEE6}.Debug|Any CPU.ActiveCfg = Debug|Any CPU
		{5AC4773C-CB4E-4CD9-8D50-02E10A07DEE6}.Debug|Any CPU.Build.0 = Debug|Any CPU
		{5AC4773C-CB4E-4CD9-8D50-02E10A07DEE6}.Debug|Itanium.ActiveCfg = Debug|x86
		{5AC4773C-CB4E-4CD9-8D50-02E10A07DEE6}.Debug|Mixed Platforms.ActiveCfg = Debug|x86
		{5AC4773C-CB4E-4CD9-8D50-02E10A07DEE6}.Debug|Mixed Platforms.Build.0 = Debug|x86
		{5AC4773C-CB4E-4CD9-8D50-02E10A07DEE6}.Debug|x86.ActiveCfg = Debug|x86
		{5AC4773C-CB4E-4CD9-8D50-02E10A07DEE6}.Debug|x86.Build.0 = Debug|x86
		{5AC4773C-CB4E-4CD9-8D50-02E10A07DEE6}.Release|Any CPU.ActiveCfg = Release|Any CPU
		{5AC4773C-CB4E-4CD9-8D50-02E10A07DEE6}.Release|Any CPU.Build.0 = Release|Any CPU
		{5AC4773C-CB4E-4CD9-8D50-02E10A07DEE6}.Release|Itanium.ActiveCfg = Release|x86
		{5AC4773C-CB4E-4CD9-8D50-02E10A07DEE6}.Release|Mixed Platforms.ActiveCfg = Release|x86
		{5AC4773C-CB4E-4CD9-8D50-02E10A07DEE6}.Release|Mixed Platforms.Build.0 = Release|x86
		{5AC4773C-CB4E-4CD9-8D50-02E10A07DEE6}.Release|x86.ActiveCfg = Release|x86
		{5AC4773C-CB4E-4CD9-8D50-02E10A07DEE6}.Release|x86.Build.0 = Release|x86
		{D9A87AAD-FCC9-4517-B31D-E904DAD00784}.Debug|Any CPU.ActiveCfg = Debug|Any CPU
		{D9A87AAD-FCC9-4517-B31D-E904DAD00784}.Debug|Any CPU.Build.0 = Debug|Any CPU
		{D9A87AAD-FCC9-4517-B31D-E904DAD00784}.Debug|Itanium.ActiveCfg = Debug|Itanium
		{D9A87AAD-FCC9-4517-B31D-E904DAD00784}.Debug|Itanium.Build.0 = Debug|Itanium
		{D9A87AAD-FCC9-4517-B31D-E904DAD00784}.Debug|Mixed Platforms.ActiveCfg = Debug|x86
		{D9A87AAD-FCC9-4517-B31D-E904DAD00784}.Debug|Mixed Platforms.Build.0 = Debug|x86
		{D9A87AAD-FCC9-4517-B31D-E904DAD00784}.Debug|x86.ActiveCfg = Debug|x86
		{D9A87AAD-FCC9-4517-B31D-E904DAD00784}.Debug|x86.Build.0 = Debug|x86
		{D9A87AAD-FCC9-4517-B31D-E904DAD00784}.Release|Any CPU.ActiveCfg = Release|Any CPU
		{D9A87AAD-FCC9-4517-B31D-E904DAD00784}.Release|Any CPU.Build.0 = Release|Any CPU
		{D9A87AAD-FCC9-4517-B31D-E904DAD00784}.Release|Itanium.ActiveCfg = Release|Itanium
		{D9A87AAD-FCC9-4517-B31D-E904DAD00784}.Release|Itanium.Build.0 = Release|Itanium
		{D9A87AAD-FCC9-4517-B31D-E904DAD00784}.Release|Mixed Platforms.ActiveCfg = Release|x86
		{D9A87AAD-FCC9-4517-B31D-E904DAD00784}.Release|Mixed Platforms.Build.0 = Release|x86
		{D9A87AAD-FCC9-4517-B31D-E904DAD00784}.Release|x86.ActiveCfg = Release|x86
		{D9A87AAD-FCC9-4517-B31D-E904DAD00784}.Release|x86.Build.0 = Release|x86
		{6A991D03-1435-4005-9809-B8BACDF3B021}.Debug|Any CPU.ActiveCfg = Debug|Any CPU
		{6A991D03-1435-4005-9809-B8BACDF3B021}.Debug|Any CPU.Build.0 = Debug|Any CPU
		{6A991D03-1435-4005-9809-B8BACDF3B021}.Debug|Itanium.ActiveCfg = Debug|x86
		{6A991D03-1435-4005-9809-B8BACDF3B021}.Debug|Mixed Platforms.ActiveCfg = Debug|x86
		{6A991D03-1435-4005-9809-B8BACDF3B021}.Debug|Mixed Platforms.Build.0 = Debug|x86
		{6A991D03-1435-4005-9809-B8BACDF3B021}.Debug|x86.ActiveCfg = Debug|x86
		{6A991D03-1435-4005-9809-B8BACDF3B021}.Debug|x86.Build.0 = Debug|x86
		{6A991D03-1435-4005-9809-B8BACDF3B021}.Release|Any CPU.ActiveCfg = Release|Any CPU
		{6A991D03-1435-4005-9809-B8BACDF3B021}.Release|Any CPU.Build.0 = Release|Any CPU
		{6A991D03-1435-4005-9809-B8BACDF3B021}.Release|Itanium.ActiveCfg = Release|x86
		{6A991D03-1435-4005-9809-B8BACDF3B021}.Release|Mixed Platforms.ActiveCfg = Release|x86
		{6A991D03-1435-4005-9809-B8BACDF3B021}.Release|Mixed Platforms.Build.0 = Release|x86
		{6A991D03-1435-4005-9809-B8BACDF3B021}.Release|x86.ActiveCfg = Release|x86
		{6A991D03-1435-4005-9809-B8BACDF3B021}.Release|x86.Build.0 = Release|x86
		{76CDB55D-55E3-4B53-AE33-12EC31430826}.Debug|Any CPU.ActiveCfg = Debug|Any CPU
		{76CDB55D-55E3-4B53-AE33-12EC31430826}.Debug|Any CPU.Build.0 = Debug|Any CPU
		{76CDB55D-55E3-4B53-AE33-12EC31430826}.Debug|Itanium.ActiveCfg = Debug|x86
		{76CDB55D-55E3-4B53-AE33-12EC31430826}.Debug|Mixed Platforms.ActiveCfg = Debug|x86
		{76CDB55D-55E3-4B53-AE33-12EC31430826}.Debug|Mixed Platforms.Build.0 = Debug|x86
		{76CDB55D-55E3-4B53-AE33-12EC31430826}.Debug|x86.ActiveCfg = Debug|x86
		{76CDB55D-55E3-4B53-AE33-12EC31430826}.Debug|x86.Build.0 = Debug|x86
		{76CDB55D-55E3-4B53-AE33-12EC31430826}.Release|Any CPU.ActiveCfg = Release|Any CPU
		{76CDB55D-55E3-4B53-AE33-12EC31430826}.Release|Any CPU.Build.0 = Release|Any CPU
		{76CDB55D-55E3-4B53-AE33-12EC31430826}.Release|Itanium.ActiveCfg = Release|x86
		{76CDB55D-55E3-4B53-AE33-12EC31430826}.Release|Mixed Platforms.ActiveCfg = Release|x86
		{76CDB55D-55E3-4B53-AE33-12EC31430826}.Release|Mixed Platforms.Build.0 = Release|x86
		{76CDB55D-55E3-4B53-AE33-12EC31430826}.Release|x86.ActiveCfg = Release|x86
		{76CDB55D-55E3-4B53-AE33-12EC31430826}.Release|x86.Build.0 = Release|x86
	EndGlobalSection
	GlobalSection(SolutionProperties) = preSolution
		HideSolutionNode = FALSE
	EndGlobalSection
	GlobalSection(NestedProjects) = preSolution
		{8ACCEF8C-55BD-4C6D-8237-BD3A1E53D36A} = {643B2351-CE5D-418E-8E07-5CBCE327CCCA}
		{716E0B66-EFF9-43E3-B9AB-A47B0A460416} = {643B2351-CE5D-418E-8E07-5CBCE327CCCA}
		{92FF4A3D-DCFF-42D0-BE3B-D87DBF1042C7} = {643B2351-CE5D-418E-8E07-5CBCE327CCCA}
		{CC711A31-B14F-43D8-99CD-FEE9754FE1EF} = {643B2351-CE5D-418E-8E07-5CBCE327CCCA}
		{EBEFA88D-76C1-4518-B350-43A0809E9019} = {643B2351-CE5D-418E-8E07-5CBCE327CCCA}
		{58E6AD33-B77F-40B9-B3DE-F7A5799C65A4} = {643B2351-CE5D-418E-8E07-5CBCE327CCCA}
		{4278AC88-35CD-4B7B-9709-40210EF6B1CD} = {643B2351-CE5D-418E-8E07-5CBCE327CCCA}
		{A7F3F078-CF99-4018-9A35-2D6DC9517ADB} = {8ACCEF8C-55BD-4C6D-8237-BD3A1E53D36A}
		{7B8499A7-0A8D-44FC-8181-9666CC198025} = {8ACCEF8C-55BD-4C6D-8237-BD3A1E53D36A}
		{A281A1B1-C718-4BCB-A7BE-ED840A70449A} = {8ACCEF8C-55BD-4C6D-8237-BD3A1E53D36A}
		{1116130E-28E0-428A-A597-F4B3B676C0CA} = {716E0B66-EFF9-43E3-B9AB-A47B0A460416}
		{94D079E4-3C66-486A-8407-EA6EC049FF53} = {716E0B66-EFF9-43E3-B9AB-A47B0A460416}
		{453F2952-FD48-477F-889B-B3C6963C9850} = {716E0B66-EFF9-43E3-B9AB-A47B0A460416}
		{04602B68-B877-4CA0-B17B-09C309732943} = {92FF4A3D-DCFF-42D0-BE3B-D87DBF1042C7}
		{1FAC100C-D732-4EA4-B518-5AF4BAF64F2E} = {92FF4A3D-DCFF-42D0-BE3B-D87DBF1042C7}
		{61607F1E-58F9-41CF-972F-128384F3E115} = {92FF4A3D-DCFF-42D0-BE3B-D87DBF1042C7}
		{B97A2956-C363-47F2-A6AA-B4FCCFF4D315} = {92FF4A3D-DCFF-42D0-BE3B-D87DBF1042C7}
		{DA50B9B2-0E95-4F0D-A3C8-79FC549301B5} = {92FF4A3D-DCFF-42D0-BE3B-D87DBF1042C7}
		{7C64B97F-516D-4A6D-B9E1-3FE48F561409} = {92FF4A3D-DCFF-42D0-BE3B-D87DBF1042C7}
		{5AC4773C-CB4E-4CD9-8D50-02E10A07DEE6} = {92FF4A3D-DCFF-42D0-BE3B-D87DBF1042C7}
		{D9A87AAD-FCC9-4517-B31D-E904DAD00784} = {92FF4A3D-DCFF-42D0-BE3B-D87DBF1042C7}
		{6A991D03-1435-4005-9809-B8BACDF3B021} = {92FF4A3D-DCFF-42D0-BE3B-D87DBF1042C7}
		{239E33A7-F0C3-4801-85CA-4D8F89A31DC0} = {CC711A31-B14F-43D8-99CD-FEE9754FE1EF}
		{9998B4EA-385E-4DA2-8905-2BBEB5B2C6E2} = {CC711A31-B14F-43D8-99CD-FEE9754FE1EF}
		{C801F19C-A9D3-42D5-9A57-9FFDF9B4D05E} = {CC711A31-B14F-43D8-99CD-FEE9754FE1EF}
		{F708C866-1C9B-4579-8C28-0728ECCFC1ED} = {CC711A31-B14F-43D8-99CD-FEE9754FE1EF}
		{63F7BFB9-419E-4965-B580-304B9C9FA7D8} = {CC711A31-B14F-43D8-99CD-FEE9754FE1EF}
		{52BF0A64-EBEF-420A-9F27-6C5226A4B77B} = {CC711A31-B14F-43D8-99CD-FEE9754FE1EF}
		{AB24E403-54F3-4F67-B5E0-119A7227AAC1} = {EBEFA88D-76C1-4518-B350-43A0809E9019}
		{3370FC04-B669-46A4-A4AA-A89540318F8D} = {EBEFA88D-76C1-4518-B350-43A0809E9019}
		{4266FA56-F6FE-4E9B-BAE3-B6910183884C} = {EBEFA88D-76C1-4518-B350-43A0809E9019}
		{6D2688FE-6FD8-44A8-B96A-6037457F72A7} = {EBEFA88D-76C1-4518-B350-43A0809E9019}
		{74A9329A-2B0B-4C0A-976C-E4FB7228D8B2} = {58E6AD33-B77F-40B9-B3DE-F7A5799C65A4}
		{0462E82B-8C29-41A9-8265-9C89038ADB29} = {58E6AD33-B77F-40B9-B3DE-F7A5799C65A4}
		{27D94586-FE88-4203-BE6A-C99013FD5018} = {58E6AD33-B77F-40B9-B3DE-F7A5799C65A4}
		{BC6AE974-1F18-4A19-A956-5062E4D3FD53} = {58E6AD33-B77F-40B9-B3DE-F7A5799C65A4}
		{76CDB55D-55E3-4B53-AE33-12EC31430826} = {4278AC88-35CD-4B7B-9709-40210EF6B1CD}
	EndGlobalSection
EndGlobal
